
Microsoft Visual Studio Solution File, Format Version 12.00
# Visual Studio 15
VisualStudioVersion = 15.0.28307.757
MinimumVisualStudioVersion = 10.0.40219.1
Project("{8BC9CEB8-8B4A-11D0-8D11-00A0C91BC942}") = "Lab1", "Lab1\Lab1.vcxproj", "{67C22534-769A-46E4-A0E7-3E4602FABFFB}"
EndProject
Global
	GlobalSection(SolutionConfigurationPlatforms) = preSolution
		Debug|x64 = Debug|x64
		Debug|x86 = Debug|x86
		Release|x64 = Release|x64
		Release|x86 = Release|x86
	EndGlobalSection
	GlobalSection(ProjectConfigurationPlatforms) = postSolution
		{67C22534-769A-46E4-A0E7-3E4602FABFFB}.Debug|x64.ActiveCfg = Debug|x64
		{67C22534-769A-46E4-A0E7-3E4602FABFFB}.Debug|x64.Build.0 = Debug|x64
		{67C22534-769A-46E4-A0E7-3E4602FABFFB}.Debug|x86.ActiveCfg = Debug|Win32
		{67C22534-769A-46E4-A0E7-3E4602FABFFB}.Debug|x86.Build.0 = Debug|Win32
		{67C22534-769A-46E4-A0E7-3E4602FABFFB}.Release|x64.ActiveCfg = Release|x64
		{67C22534-769A-46E4-A0E7-3E4602FABFFB}.Release|x64.Build.0 = Release|x64
		{67C22534-769A-46E4-A0E7-3E4602FABFFB}.Release|x86.ActiveCfg = Release|Win32
		{67C22534-769A-46E4-A0E7-3E4602FABFFB}.Release|x86.Build.0 = Release|Win32
	EndGlobalSection
	GlobalSection(SolutionProperties) = preSolution
		HideSolutionNode = FALSE
	EndGlobalSection
	GlobalSection(ExtensibilityGlobals) = postSolution
		SolutionGuid = {8C0F9D74-07BB-4511-A9A4-21D564A0D8CB}
	EndGlobalSection
EndGlobal
